// !$*UTF8*$!
{
	archiveVersion = 1;
	classes = {
	};
	objectVersion = 50;
	objects = {

/* Begin PBXBuildFile section */
		3C2314CD248E06340092314D /* CoreDataManager.swift in Sources */ = {isa = PBXBuildFile; fileRef = 3C2314CC248E06340092314D /* CoreDataManager.swift */; };
		3C2314D1248E0ABE0092314D /* Record+CoreDataClass.swift in Sources */ = {isa = PBXBuildFile; fileRef = 3C2314CF248E0ABE0092314D /* Record+CoreDataClass.swift */; };
		3C2314D2248E0ABE0092314D /* Record+CoreDataProperties.swift in Sources */ = {isa = PBXBuildFile; fileRef = 3C2314D0248E0ABE0092314D /* Record+CoreDataProperties.swift */; };
		3C2314D5248E0B680092314D /* WeightCell.swift in Sources */ = {isa = PBXBuildFile; fileRef = 3C2314D4248E0B680092314D /* WeightCell.swift */; };
		3C2314D7248F58400092314D /* Record.swift in Sources */ = {isa = PBXBuildFile; fileRef = 3C2314D6248F58400092314D /* Record.swift */; };
		3C2314DA2491F78A0092314D /* DTTableBackgroundView.swift in Sources */ = {isa = PBXBuildFile; fileRef = 3C2314D92491F78A0092314D /* DTTableBackgroundView.swift */; };
		3C2314DD2491F7CF0092314D /* NoContentBackgroundView.swift in Sources */ = {isa = PBXBuildFile; fileRef = 3C2314DC2491F7CE0092314D /* NoContentBackgroundView.swift */; };
		3C2314E02494A9B50092314D /* AddWeightViewController.swift in Sources */ = {isa = PBXBuildFile; fileRef = 3C2314DF2494A9B50092314D /* AddWeightViewController.swift */; };
		3C2314E22494AA540092314D /* TextInputCell.swift in Sources */ = {isa = PBXBuildFile; fileRef = 3C2314E12494AA540092314D /* TextInputCell.swift */; };
		3C2314E42494AA840092314D /* AddWeight.storyboard in Resources */ = {isa = PBXBuildFile; fileRef = 3C2314E32494AA840092314D /* AddWeight.storyboard */; };
		3C2314E62494AD640092314D /* UIViewController+EXT.swift in Sources */ = {isa = PBXBuildFile; fileRef = 3C2314E52494AD640092314D /* UIViewController+EXT.swift */; };
		3C2314E92495C56C0092314D /* DatePickerViewController.swift in Sources */ = {isa = PBXBuildFile; fileRef = 3C2314E82495C56C0092314D /* DatePickerViewController.swift */; };
		3C2314EB2495C5870092314D /* DateCell.swift in Sources */ = {isa = PBXBuildFile; fileRef = 3C2314EA2495C5870092314D /* DateCell.swift */; };
		3C2314ED2495C66D0092314D /* DatePicker.storyboard in Resources */ = {isa = PBXBuildFile; fileRef = 3C2314EC2495C66D0092314D /* DatePicker.storyboard */; };
		3C2314EF2495FBE90092314D /* WeightDetailsViewController.swift in Sources */ = {isa = PBXBuildFile; fileRef = 3C2314EE2495FBE90092314D /* WeightDetailsViewController.swift */; };
		3C2314F12495FD670092314D /* WeightDetails.storyboard in Resources */ = {isa = PBXBuildFile; fileRef = 3C2314F02495FD670092314D /* WeightDetails.storyboard */; };
		3C2314F32496C8ED0092314D /* GraphViewController.swift in Sources */ = {isa = PBXBuildFile; fileRef = 3C2314F22496C8ED0092314D /* GraphViewController.swift */; };
		3C2314F52496C9110092314D /* Graph.storyboard in Resources */ = {isa = PBXBuildFile; fileRef = 3C2314F42496C9110092314D /* Graph.storyboard */; };
		848B8FAC248DD94500CD40D8 /* AppDelegate.swift in Sources */ = {isa = PBXBuildFile; fileRef = 848B8FAB248DD94500CD40D8 /* AppDelegate.swift */; };
		848B8FAE248DD94500CD40D8 /* SceneDelegate.swift in Sources */ = {isa = PBXBuildFile; fileRef = 848B8FAD248DD94500CD40D8 /* SceneDelegate.swift */; };
		848B8FB0248DD94500CD40D8 /* WeightViewController.swift in Sources */ = {isa = PBXBuildFile; fileRef = 848B8FAF248DD94500CD40D8 /* WeightViewController.swift */; };
		848B8FB3248DD94500CD40D8 /* Main.storyboard in Resources */ = {isa = PBXBuildFile; fileRef = 848B8FB1248DD94500CD40D8 /* Main.storyboard */; };
		848B8FB6248DD94500CD40D8 /* Scale.xcdatamodeld in Sources */ = {isa = PBXBuildFile; fileRef = 848B8FB4248DD94500CD40D8 /* Scale.xcdatamodeld */; };
		848B8FB8248DD94700CD40D8 /* Assets.xcassets in Resources */ = {isa = PBXBuildFile; fileRef = 848B8FB7248DD94700CD40D8 /* Assets.xcassets */; };
		848B8FBB248DD94700CD40D8 /* LaunchScreen.storyboard in Resources */ = {isa = PBXBuildFile; fileRef = 848B8FB9248DD94700CD40D8 /* LaunchScreen.storyboard */; };
/* End PBXBuildFile section */

/* Begin PBXFileReference section */
		3C2314CC248E06340092314D /* CoreDataManager.swift */ = {isa = PBXFileReference; fileEncoding = 4; lastKnownFileType = sourcecode.swift; path = CoreDataManager.swift; sourceTree = "<group>"; };
		3C2314CF248E0ABE0092314D /* Record+CoreDataClass.swift */ = {isa = PBXFileReference; lastKnownFileType = sourcecode.swift; path = "Record+CoreDataClass.swift"; sourceTree = "<group>"; };
		3C2314D0248E0ABE0092314D /* Record+CoreDataProperties.swift */ = {isa = PBXFileReference; lastKnownFileType = sourcecode.swift; path = "Record+CoreDataProperties.swift"; sourceTree = "<group>"; };
		3C2314D4248E0B680092314D /* WeightCell.swift */ = {isa = PBXFileReference; lastKnownFileType = sourcecode.swift; path = WeightCell.swift; sourceTree = "<group>"; };
		3C2314D6248F58400092314D /* Record.swift */ = {isa = PBXFileReference; lastKnownFileType = sourcecode.swift; path = Record.swift; sourceTree = "<group>"; };
		3C2314D92491F78A0092314D /* DTTableBackgroundView.swift */ = {isa = PBXFileReference; fileEncoding = 4; lastKnownFileType = sourcecode.swift; path = DTTableBackgroundView.swift; sourceTree = "<group>"; };
		3C2314DC2491F7CE0092314D /* NoContentBackgroundView.swift */ = {isa = PBXFileReference; fileEncoding = 4; lastKnownFileType = sourcecode.swift; path = NoContentBackgroundView.swift; sourceTree = "<group>"; };
		3C2314DF2494A9B50092314D /* AddWeightViewController.swift */ = {isa = PBXFileReference; lastKnownFileType = sourcecode.swift; path = AddWeightViewController.swift; sourceTree = "<group>"; };
		3C2314E12494AA540092314D /* TextInputCell.swift */ = {isa = PBXFileReference; fileEncoding = 4; lastKnownFileType = sourcecode.swift; path = TextInputCell.swift; sourceTree = "<group>"; };
		3C2314E32494AA840092314D /* AddWeight.storyboard */ = {isa = PBXFileReference; lastKnownFileType = file.storyboard; path = AddWeight.storyboard; sourceTree = "<group>"; };
		3C2314E52494AD640092314D /* UIViewController+EXT.swift */ = {isa = PBXFileReference; fileEncoding = 4; lastKnownFileType = sourcecode.swift; path = "UIViewController+EXT.swift"; sourceTree = "<group>"; };
		3C2314E82495C56C0092314D /* DatePickerViewController.swift */ = {isa = PBXFileReference; fileEncoding = 4; lastKnownFileType = sourcecode.swift; path = DatePickerViewController.swift; sourceTree = "<group>"; };
		3C2314EA2495C5870092314D /* DateCell.swift */ = {isa = PBXFileReference; fileEncoding = 4; lastKnownFileType = sourcecode.swift; path = DateCell.swift; sourceTree = "<group>"; };
		3C2314EC2495C66D0092314D /* DatePicker.storyboard */ = {isa = PBXFileReference; lastKnownFileType = file.storyboard; path = DatePicker.storyboard; sourceTree = "<group>"; };
		3C2314EE2495FBE90092314D /* WeightDetailsViewController.swift */ = {isa = PBXFileReference; lastKnownFileType = sourcecode.swift; path = WeightDetailsViewController.swift; sourceTree = "<group>"; };
		3C2314F02495FD670092314D /* WeightDetails.storyboard */ = {isa = PBXFileReference; lastKnownFileType = file.storyboard; path = WeightDetails.storyboard; sourceTree = "<group>"; };
		3C2314F22496C8ED0092314D /* GraphViewController.swift */ = {isa = PBXFileReference; lastKnownFileType = sourcecode.swift; path = GraphViewController.swift; sourceTree = "<group>"; };
		3C2314F42496C9110092314D /* Graph.storyboard */ = {isa = PBXFileReference; lastKnownFileType = file.storyboard; path = Graph.storyboard; sourceTree = "<group>"; };
		848B8FA8248DD94400CD40D8 /* Scale.app */ = {isa = PBXFileReference; explicitFileType = wrapper.application; includeInIndex = 0; path = Scale.app; sourceTree = BUILT_PRODUCTS_DIR; };
		848B8FAB248DD94500CD40D8 /* AppDelegate.swift */ = {isa = PBXFileReference; lastKnownFileType = sourcecode.swift; path = AppDelegate.swift; sourceTree = "<group>"; };
		848B8FAD248DD94500CD40D8 /* SceneDelegate.swift */ = {isa = PBXFileReference; lastKnownFileType = sourcecode.swift; path = SceneDelegate.swift; sourceTree = "<group>"; };
		848B8FAF248DD94500CD40D8 /* WeightViewController.swift */ = {isa = PBXFileReference; lastKnownFileType = sourcecode.swift; path = WeightViewController.swift; sourceTree = "<group>"; };
		848B8FB2248DD94500CD40D8 /* Base */ = {isa = PBXFileReference; lastKnownFileType = file.storyboard; name = Base; path = Base.lproj/Main.storyboard; sourceTree = "<group>"; };
		848B8FB5248DD94500CD40D8 /* Scale.xcdatamodel */ = {isa = PBXFileReference; lastKnownFileType = wrapper.xcdatamodel; path = Scale.xcdatamodel; sourceTree = "<group>"; };
		848B8FB7248DD94700CD40D8 /* Assets.xcassets */ = {isa = PBXFileReference; lastKnownFileType = folder.assetcatalog; path = Assets.xcassets; sourceTree = "<group>"; };
		848B8FBA248DD94700CD40D8 /* Base */ = {isa = PBXFileReference; lastKnownFileType = file.storyboard; name = Base; path = Base.lproj/LaunchScreen.storyboard; sourceTree = "<group>"; };
		848B8FBC248DD94700CD40D8 /* Info.plist */ = {isa = PBXFileReference; lastKnownFileType = text.plist.xml; path = Info.plist; sourceTree = "<group>"; };
/* End PBXFileReference section */

/* Begin PBXFrameworksBuildPhase section */
		848B8FA5248DD94400CD40D8 /* Frameworks */ = {
			isa = PBXFrameworksBuildPhase;
			buildActionMask = 2147483647;
			files = (
			);
			runOnlyForDeploymentPostprocessing = 0;
		};
/* End PBXFrameworksBuildPhase section */

/* Begin PBXGroup section */
		3C2314C8248DDBEB0092314D /* Delegates */ = {
			isa = PBXGroup;
			children = (
				848B8FAB248DD94500CD40D8 /* AppDelegate.swift */,
				848B8FAD248DD94500CD40D8 /* SceneDelegate.swift */,
			);
			path = Delegates;
			sourceTree = "<group>";
		};
		3C2314C9248DDC2E0092314D /* Storyboards */ = {
			isa = PBXGroup;
			children = (
				848B8FB1248DD94500CD40D8 /* Main.storyboard */,
				848B8FB9248DD94700CD40D8 /* LaunchScreen.storyboard */,
				3C2314E32494AA840092314D /* AddWeight.storyboard */,
				3C2314EC2495C66D0092314D /* DatePicker.storyboard */,
				3C2314F02495FD670092314D /* WeightDetails.storyboard */,
				3C2314F42496C9110092314D /* Graph.storyboard */,
			);
			path = Storyboards;
			sourceTree = "<group>";
		};
		3C2314CA248DDC7D0092314D /* Controllers */ = {
			isa = PBXGroup;
			children = (
				3C2314E82495C56C0092314D /* DatePickerViewController.swift */,
				848B8FAF248DD94500CD40D8 /* WeightViewController.swift */,
				3C2314DF2494A9B50092314D /* AddWeightViewController.swift */,
				3C2314EE2495FBE90092314D /* WeightDetailsViewController.swift */,
				3C2314F22496C8ED0092314D /* GraphViewController.swift */,
			);
			path = Controllers;
			sourceTree = "<group>";
		};
		3C2314CB248E061B0092314D /* Core Data */ = {
			isa = PBXGroup;
			children = (
				3C2314CE248E0AA20092314D /* Models */,
				3C2314CC248E06340092314D /* CoreDataManager.swift */,
				3C2314D8248F584A0092314D /* Extensions */,
			);
			path = "Core Data";
			sourceTree = "<group>";
		};
		3C2314CE248E0AA20092314D /* Models */ = {
			isa = PBXGroup;
			children = (
				3C2314CF248E0ABE0092314D /* Record+CoreDataClass.swift */,
				3C2314D0248E0ABE0092314D /* Record+CoreDataProperties.swift */,
			);
			path = Models;
			sourceTree = "<group>";
		};
		3C2314D3248E0B3F0092314D /* Cells */ = {
			isa = PBXGroup;
			children = (
				3C2314EA2495C5870092314D /* DateCell.swift */,
				3C2314E12494AA540092314D /* TextInputCell.swift */,
				3C2314D4248E0B680092314D /* WeightCell.swift */,
			);
			path = Cells;
			sourceTree = "<group>";
		};
		3C2314D8248F584A0092314D /* Extensions */ = {
			isa = PBXGroup;
			children = (
				3C2314D6248F58400092314D /* Record.swift */,
			);
			path = Extensions;
			sourceTree = "<group>";
		};
		3C2314DB2491F78E0092314D /* Views */ = {
			isa = PBXGroup;
			children = (
				3C2314D92491F78A0092314D /* DTTableBackgroundView.swift */,
			);
			path = Views;
			sourceTree = "<group>";
		};
		3C2314DE2491F7D60092314D /* Protocols */ = {
			isa = PBXGroup;
			children = (
				3C2314DC2491F7CE0092314D /* NoContentBackgroundView.swift */,
			);
			path = Protocols;
			sourceTree = "<group>";
		};
		3C2314E72494AD670092314D /* Extensions */ = {
			isa = PBXGroup;
			children = (
				3C2314E52494AD640092314D /* UIViewController+EXT.swift */,
			);
			path = Extensions;
			sourceTree = "<group>";
		};
		848B8F9F248DD94400CD40D8 = {
			isa = PBXGroup;
			children = (
				848B8FAA248DD94500CD40D8 /* Scale */,
				848B8FA9248DD94400CD40D8 /* Products */,
			);
			sourceTree = "<group>";
		};
		848B8FA9248DD94400CD40D8 /* Products */ = {
			isa = PBXGroup;
			children = (
				848B8FA8248DD94400CD40D8 /* Scale.app */,
			);
			name = Products;
			sourceTree = "<group>";
		};
		848B8FAA248DD94500CD40D8 /* Scale */ = {
			isa = PBXGroup;
			children = (
				3C2314E72494AD670092314D /* Extensions */,
				3C2314DE2491F7D60092314D /* Protocols */,
				3C2314DB2491F78E0092314D /* Views */,
				3C2314D3248E0B3F0092314D /* Cells */,
				3C2314CB248E061B0092314D /* Core Data */,
				3C2314C8248DDBEB0092314D /* Delegates */,
				3C2314CA248DDC7D0092314D /* Controllers */,
				3C2314C9248DDC2E0092314D /* Storyboards */,
				848B8FB7248DD94700CD40D8 /* Assets.xcassets */,
				848B8FBC248DD94700CD40D8 /* Info.plist */,
				848B8FB4248DD94500CD40D8 /* Scale.xcdatamodeld */,
			);
			path = Scale;
			sourceTree = "<group>";
		};
/* End PBXGroup section */

/* Begin PBXNativeTarget section */
		848B8FA7248DD94400CD40D8 /* Scale */ = {
			isa = PBXNativeTarget;
			buildConfigurationList = 848B8FBF248DD94700CD40D8 /* Build configuration list for PBXNativeTarget "Scale" */;
			buildPhases = (
				848B8FA4248DD94400CD40D8 /* Sources */,
				848B8FA5248DD94400CD40D8 /* Frameworks */,
				848B8FA6248DD94400CD40D8 /* Resources */,
			);
			buildRules = (
			);
			dependencies = (
			);
			name = Scale;
			productName = Scale;
			productReference = 848B8FA8248DD94400CD40D8 /* Scale.app */;
			productType = "com.apple.product-type.application";
		};
/* End PBXNativeTarget section */

/* Begin PBXProject section */
		848B8FA0248DD94400CD40D8 /* Project object */ = {
			isa = PBXProject;
			attributes = {
				LastSwiftUpdateCheck = 1130;
				LastUpgradeCheck = 1130;
				ORGANIZATIONNAME = mani;
				TargetAttributes = {
					848B8FA7248DD94400CD40D8 = {
						CreatedOnToolsVersion = 11.3.1;
					};
				};
			};
			buildConfigurationList = 848B8FA3248DD94400CD40D8 /* Build configuration list for PBXProject "Scale" */;
			compatibilityVersion = "Xcode 9.3";
			developmentRegion = en;
			hasScannedForEncodings = 0;
			knownRegions = (
				en,
				Base,
			);
			mainGroup = 848B8F9F248DD94400CD40D8;
			productRefGroup = 848B8FA9248DD94400CD40D8 /* Products */;
			projectDirPath = "";
			projectRoot = "";
			targets = (
				848B8FA7248DD94400CD40D8 /* Scale */,
			);
		};
/* End PBXProject section */

/* Begin PBXResourcesBuildPhase section */
		848B8FA6248DD94400CD40D8 /* Resources */ = {
			isa = PBXResourcesBuildPhase;
			buildActionMask = 2147483647;
			files = (
				3C2314E42494AA840092314D /* AddWeight.storyboard in Resources */,
				848B8FBB248DD94700CD40D8 /* LaunchScreen.storyboard in Resources */,
				848B8FB8248DD94700CD40D8 /* Assets.xcassets in Resources */,
				3C2314F52496C9110092314D /* Graph.storyboard in Resources */,
				3C2314F12495FD670092314D /* WeightDetails.storyboard in Resources */,
				848B8FB3248DD94500CD40D8 /* Main.storyboard in Resources */,
				3C2314ED2495C66D0092314D /* DatePicker.storyboard in Resources */,
			);
			runOnlyForDeploymentPostprocessing = 0;
		};
/* End PBXResourcesBuildPhase section */

/* Begin PBXSourcesBuildPhase section */
		848B8FA4248DD94400CD40D8 /* Sources */ = {
			isa = PBXSourcesBuildPhase;
			buildActionMask = 2147483647;
			files = (
				3C2314E62494AD640092314D /* UIViewController+EXT.swift in Sources */,
				3C2314E22494AA540092314D /* TextInputCell.swift in Sources */,
				3C2314D1248E0ABE0092314D /* Record+CoreDataClass.swift in Sources */,
				848B8FB0248DD94500CD40D8 /* WeightViewController.swift in Sources */,
				3C2314D7248F58400092314D /* Record.swift in Sources */,
				848B8FAC248DD94500CD40D8 /* AppDelegate.swift in Sources */,
				3C2314D5248E0B680092314D /* WeightCell.swift in Sources */,
				3C2314EB2495C5870092314D /* DateCell.swift in Sources */,
				848B8FB6248DD94500CD40D8 /* Scale.xcdatamodeld in Sources */,
				3C2314F32496C8ED0092314D /* GraphViewController.swift in Sources */,
				3C2314CD248E06340092314D /* CoreDataManager.swift in Sources */,
				848B8FAE248DD94500CD40D8 /* SceneDelegate.swift in Sources */,
				3C2314EF2495FBE90092314D /* WeightDetailsViewController.swift in Sources */,
				3C2314E02494A9B50092314D /* AddWeightViewController.swift in Sources */,
				3C2314E92495C56C0092314D /* DatePickerViewController.swift in Sources */,
				3C2314D2248E0ABE0092314D /* Record+CoreDataProperties.swift in Sources */,
				3C2314DA2491F78A0092314D /* DTTableBackgroundView.swift in Sources */,
				3C2314DD2491F7CF0092314D /* NoContentBackgroundView.swift in Sources */,
			);
			runOnlyForDeploymentPostprocessing = 0;
		};
/* End PBXSourcesBuildPhase section */

/* Begin PBXVariantGroup section */
		848B8FB1248DD94500CD40D8 /* Main.storyboard */ = {
			isa = PBXVariantGroup;
			children = (
				848B8FB2248DD94500CD40D8 /* Base */,
			);
			name = Main.storyboard;
			sourceTree = "<group>";
		};
		848B8FB9248DD94700CD40D8 /* LaunchScreen.storyboard */ = {
			isa = PBXVariantGroup;
			children = (
				848B8FBA248DD94700CD40D8 /* Base */,
			);
			name = LaunchScreen.storyboard;
			sourceTree = "<group>";
		};
/* End PBXVariantGroup section */

/* Begin XCBuildConfiguration section */
		848B8FBD248DD94700CD40D8 /* Debug */ = {
			isa = XCBuildConfiguration;
			buildSettings = {
				ALWAYS_SEARCH_USER_PATHS = NO;
				CLANG_ANALYZER_NONNULL = YES;
				CLANG_ANALYZER_NUMBER_OBJECT_CONVERSION = YES_AGGRESSIVE;
				CLANG_CXX_LANGUAGE_STANDARD = "gnu++14";
				CLANG_CXX_LIBRARY = "libc++";
				CLANG_ENABLE_MODULES = YES;
				CLANG_ENABLE_OBJC_ARC = YES;
				CLANG_ENABLE_OBJC_WEAK = YES;
				CLANG_WARN_BLOCK_CAPTURE_AUTORELEASING = YES;
				CLANG_WARN_BOOL_CONVERSION = YES;
				CLANG_WARN_COMMA = YES;
				CLANG_WARN_CONSTANT_CONVERSION = YES;
				CLANG_WARN_DEPRECATED_OBJC_IMPLEMENTATIONS = YES;
				CLANG_WARN_DIRECT_OBJC_ISA_USAGE = YES_ERROR;
				CLANG_WARN_DOCUMENTATION_COMMENTS = YES;
				CLANG_WARN_EMPTY_BODY = YES;
				CLANG_WARN_ENUM_CONVERSION = YES;
				CLANG_WARN_INFINITE_RECURSION = YES;
				CLANG_WARN_INT_CONVERSION = YES;
				CLANG_WARN_NON_LITERAL_NULL_CONVERSION = YES;
				CLANG_WARN_OBJC_IMPLICIT_RETAIN_SELF = YES;
				CLANG_WARN_OBJC_LITERAL_CONVERSION = YES;
				CLANG_WARN_OBJC_ROOT_CLASS = YES_ERROR;
				CLANG_WARN_RANGE_LOOP_ANALYSIS = YES;
				CLANG_WARN_STRICT_PROTOTYPES = YES;
				CLANG_WARN_SUSPICIOUS_MOVE = YES;
				CLANG_WARN_UNGUARDED_AVAILABILITY = YES_AGGRESSIVE;
				CLANG_WARN_UNREACHABLE_CODE = YES;
				CLANG_WARN__DUPLICATE_METHOD_MATCH = YES;
				COPY_PHASE_STRIP = NO;
				DEBUG_INFORMATION_FORMAT = dwarf;
				ENABLE_STRICT_OBJC_MSGSEND = YES;
				ENABLE_TESTABILITY = YES;
				GCC_C_LANGUAGE_STANDARD = gnu11;
				GCC_DYNAMIC_NO_PIC = NO;
				GCC_NO_COMMON_BLOCKS = YES;
				GCC_OPTIMIZATION_LEVEL = 0;
				GCC_PREPROCESSOR_DEFINITIONS = (
					"DEBUG=1",
					"$(inherited)",
				);
				GCC_WARN_64_TO_32_BIT_CONVERSION = YES;
				GCC_WARN_ABOUT_RETURN_TYPE = YES_ERROR;
				GCC_WARN_UNDECLARED_SELECTOR = YES;
				GCC_WARN_UNINITIALIZED_AUTOS = YES_AGGRESSIVE;
				GCC_WARN_UNUSED_FUNCTION = YES;
				GCC_WARN_UNUSED_VARIABLE = YES;
				IPHONEOS_DEPLOYMENT_TARGET = 13.2;
				MTL_ENABLE_DEBUG_INFO = INCLUDE_SOURCE;
				MTL_FAST_MATH = YES;
				ONLY_ACTIVE_ARCH = YES;
				SDKROOT = iphoneos;
				SWIFT_ACTIVE_COMPILATION_CONDITIONS = DEBUG;
				SWIFT_OPTIMIZATION_LEVEL = "-Onone";
			};
			name = Debug;
		};
		848B8FBE248DD94700CD40D8 /* Release */ = {
			isa = XCBuildConfiguration;
			buildSettings = {
				ALWAYS_SEARCH_USER_PATHS = NO;
				CLANG_ANALYZER_NONNULL = YES;
				CLANG_ANALYZER_NUMBER_OBJECT_CONVERSION = YES_AGGRESSIVE;
				CLANG_CXX_LANGUAGE_STANDARD = "gnu++14";
				CLANG_CXX_LIBRARY = "libc++";
				CLANG_ENABLE_MODULES = YES;
				CLANG_ENABLE_OBJC_ARC = YES;
				CLANG_ENABLE_OBJC_WEAK = YES;
				CLANG_WARN_BLOCK_CAPTURE_AUTORELEASING = YES;
				CLANG_WARN_BOOL_CONVERSION = YES;
				CLANG_WARN_COMMA = YES;
				CLANG_WARN_CONSTANT_CONVERSION = YES;
				CLANG_WARN_DEPRECATED_OBJC_IMPLEMENTATIONS = YES;
				CLANG_WARN_DIRECT_OBJC_ISA_USAGE = YES_ERROR;
				CLANG_WARN_DOCUMENTATION_COMMENTS = YES;
				CLANG_WARN_EMPTY_BODY = YES;
				CLANG_WARN_ENUM_CONVERSION = YES;
				CLANG_WARN_INFINITE_RECURSION = YES;
				CLANG_WARN_INT_CONVERSION = YES;
				CLANG_WARN_NON_LITERAL_NULL_CONVERSION = YES;
				CLANG_WARN_OBJC_IMPLICIT_RETAIN_SELF = YES;
				CLANG_WARN_OBJC_LITERAL_CONVERSION = YES;
				CLANG_WARN_OBJC_ROOT_CLASS = YES_ERROR;
				CLANG_WARN_RANGE_LOOP_ANALYSIS = YES;
				CLANG_WARN_STRICT_PROTOTYPES = YES;
				CLANG_WARN_SUSPICIOUS_MOVE = YES;
				CLANG_WARN_UNGUARDED_AVAILABILITY = YES_AGGRESSIVE;
				CLANG_WARN_UNREACHABLE_CODE = YES;
				CLANG_WARN__DUPLICATE_METHOD_MATCH = YES;
				COPY_PHASE_STRIP = NO;
				DEBUG_INFORMATION_FORMAT = "dwarf-with-dsym";
				ENABLE_NS_ASSERTIONS = NO;
				ENABLE_STRICT_OBJC_MSGSEND = YES;
				GCC_C_LANGUAGE_STANDARD = gnu11;
				GCC_NO_COMMON_BLOCKS = YES;
				GCC_WARN_64_TO_32_BIT_CONVERSION = YES;
				GCC_WARN_ABOUT_RETURN_TYPE = YES_ERROR;
				GCC_WARN_UNDECLARED_SELECTOR = YES;
				GCC_WARN_UNINITIALIZED_AUTOS = YES_AGGRESSIVE;
				GCC_WARN_UNUSED_FUNCTION = YES;
				GCC_WARN_UNUSED_VARIABLE = YES;
				IPHONEOS_DEPLOYMENT_TARGET = 13.2;
				MTL_ENABLE_DEBUG_INFO = NO;
				MTL_FAST_MATH = YES;
				SDKROOT = iphoneos;
				SWIFT_COMPILATION_MODE = wholemodule;
				SWIFT_OPTIMIZATION_LEVEL = "-O";
				VALIDATE_PRODUCT = YES;
			};
			name = Release;
		};
		848B8FC0248DD94700CD40D8 /* Debug */ = {
			isa = XCBuildConfiguration;
			buildSettings = {
				ASSETCATALOG_COMPILER_APPICON_NAME = AppIcon;
				CODE_SIGN_STYLE = Automatic;
				INFOPLIST_FILE = Scale/Info.plist;
				LD_RUNPATH_SEARCH_PATHS = (
					"$(inherited)",
					"@executable_path/Frameworks",
				);
				PRODUCT_BUNDLE_IDENTIFIER = com.Scale;
				PRODUCT_NAME = "$(TARGET_NAME)";
				SWIFT_VERSION = 5.0;
				TARGETED_DEVICE_FAMILY = "1,2";
			};
			name = Debug;
		};
		848B8FC1248DD94700CD40D8 /* Release */ = {
			isa = XCBuildConfiguration;
			buildSettings = {
				ASSETCATALOG_COMPILER_APPICON_NAME = AppIcon;
				CODE_SIGN_STYLE = Automatic;
				INFOPLIST_FILE = Scale/Info.plist;
				LD_RUNPATH_SEARCH_PATHS = (
					"$(inherited)",
					"@executable_path/Frameworks",
				);
				PRODUCT_BUNDLE_IDENTIFIER = com.Scale;
				PRODUCT_NAME = "$(TARGET_NAME)";
				SWIFT_VERSION = 5.0;
				TARGETED_DEVICE_FAMILY = "1,2";
			};
			name = Release;
		};
/* End XCBuildConfiguration section */

/* Begin XCConfigurationList section */
		848B8FA3248DD94400CD40D8 /* Build configuration list for PBXProject "Scale" */ = {
			isa = XCConfigurationList;
			buildConfigurations = (
				848B8FBD248DD94700CD40D8 /* Debug */,
				848B8FBE248DD94700CD40D8 /* Release */,
			);
			defaultConfigurationIsVisible = 0;
			defaultConfigurationName = Release;
		};
		848B8FBF248DD94700CD40D8 /* Build configuration list for PBXNativeTarget "Scale" */ = {
			isa = XCConfigurationList;
			buildConfigurations = (
				848B8FC0248DD94700CD40D8 /* Debug */,
				848B8FC1248DD94700CD40D8 /* Release */,
			);
			defaultConfigurationIsVisible = 0;
			defaultConfigurationName = Release;
		};
/* End XCConfigurationList section */

/* Begin XCVersionGroup section */
		848B8FB4248DD94500CD40D8 /* Scale.xcdatamodeld */ = {
			isa = XCVersionGroup;
			children = (
				848B8FB5248DD94500CD40D8 /* Scale.xcdatamodel */,
			);
			currentVersion = 848B8FB5248DD94500CD40D8 /* Scale.xcdatamodel */;
			path = Scale.xcdatamodeld;
			sourceTree = "<group>";
			versionGroupType = wrapper.xcdatamodel;
		};
/* End XCVersionGroup section */
	};
	rootObject = 848B8FA0248DD94400CD40D8 /* Project object */;
}
